
Microsoft Visual Studio Solution File, Format Version 12.00
# Visual Studio Version 17
VisualStudioVersion = 17.9.34902.65
MinimumVisualStudioVersion = 10.0.40219.1
Project("{FAE04EC0-301F-11D3-BF4B-00C04F79EFBC}") = "Assignment-01", "Assignment-01.csproj", "{380AB81C-2832-4434-8BAA-C4B9F204834A}"
EndProject
Global
	GlobalSection(SolutionConfigurationPlatforms) = preSolution
		Debug|Any CPU = Debug|Any CPU
		Release|Any CPU = Release|Any CPU
	EndGlobalSection
	GlobalSection(ProjectConfigurationPlatforms) = postSolution
		{380AB81C-2832-4434-8BAA-C4B9F204834A}.Debug|Any CPU.ActiveCfg = Debug|Any CPU
		{380AB81C-2832-4434-8BAA-C4B9F204834A}.Debug|Any CPU.Build.0 = Debug|Any CPU
		{380AB81C-2832-4434-8BAA-C4B9F204834A}.Release|Any CPU.ActiveCfg = Release|Any CPU
		{380AB81C-2832-4434-8BAA-C4B9F204834A}.Release|Any CPU.Build.0 = Release|Any CPU
	EndGlobalSection
	GlobalSection(SolutionProperties) = preSolution
		HideSolutionNode = FALSE
	EndGlobalSection
	GlobalSection(ExtensibilityGlobals) = postSolution
		SolutionGuid = {708A4120-FAC6-4EF9-9E5F-0B5234D40451}
	EndGlobalSection
EndGlobal
